{
  "name": "testmodul",
  "version": "1.0.0",
  "lockfileVersion": 3,
  "requires": true,
  "packages": {
    "": {
      "name": "testmodul",
      "version": "1.0.0",
      "license": "ISC",
      "dependencies": {
        "l2-module-cart-and-discounts": "^1.0.3"
      }
    },
    "node_modules/l2-module-cart-and-discounts": {
      "version": "1.0.3",
      "resolved": "https://registry.npmjs.org/l2-module-cart-and-discounts/-/l2-module-cart-and-discounts-1.0.3.tgz",
      "integrity": "sha512-T0b6nvExXvf8iwsH5Jlwsqc/P4f3YYWe+NGvnGxHR35EkH6BME49qbS+/+5hb7yery/7YoQQ/Wg4TBI91OkeaA==",
      "license": "MIT"
    }
  }
}
